
Microsoft Visual Studio Solution File, Format Version 12.00
# Visual Studio Version 17
VisualStudioVersion = 17.11.35219.272
MinimumVisualStudioVersion = 10.0.40219.1
Project("{FAE04EC0-301F-11D3-BF4B-00C04F79EFBC}") = "Laboratorio6", "Laboratorio6\Laboratorio6.csproj", "{7CACA843-0596-452C-9125-1F86C24BEE37}"
EndProject
Project("{FAE04EC0-301F-11D3-BF4B-00C04F79EFBC}") = "Laboratorio61", "Laboratorio61\Laboratorio61.csproj", "{C9E1FD8C-BF28-4BF3-B5C6-974CA46B6582}"
EndProject
Global
	GlobalSection(SolutionConfigurationPlatforms) = preSolution
		Debug|Any CPU = Debug|Any CPU
		Release|Any CPU = Release|Any CPU
	EndGlobalSection
	GlobalSection(ProjectConfigurationPlatforms) = postSolution
		{7CACA843-0596-452C-9125-1F86C24BEE37}.Debug|Any CPU.ActiveCfg = Debug|Any CPU
		{7CACA843-0596-452C-9125-1F86C24BEE37}.Debug|Any CPU.Build.0 = Debug|Any CPU
		{7CACA843-0596-452C-9125-1F86C24BEE37}.Release|Any CPU.ActiveCfg = Release|Any CPU
		{7CACA843-0596-452C-9125-1F86C24BEE37}.Release|Any CPU.Build.0 = Release|Any CPU
		{C9E1FD8C-BF28-4BF3-B5C6-974CA46B6582}.Debug|Any CPU.ActiveCfg = Debug|Any CPU
		{C9E1FD8C-BF28-4BF3-B5C6-974CA46B6582}.Debug|Any CPU.Build.0 = Debug|Any CPU
		{C9E1FD8C-BF28-4BF3-B5C6-974CA46B6582}.Release|Any CPU.ActiveCfg = Release|Any CPU
		{C9E1FD8C-BF28-4BF3-B5C6-974CA46B6582}.Release|Any CPU.Build.0 = Release|Any CPU
	EndGlobalSection
	GlobalSection(SolutionProperties) = preSolution
		HideSolutionNode = FALSE
	EndGlobalSection
	GlobalSection(ExtensibilityGlobals) = postSolution
		SolutionGuid = {F7F24021-0EE2-4F77-9611-1E65090A5B97}
	EndGlobalSection
EndGlobal
